{
    "_meta": {
        "hash": {
            "sha256": "b4119b964d86624f08b905bed64654480afe5941971e758c3345d73a5a9b037f"
        },
        "pipfile-spec": 6,
        "requires": {
            "python_full_version": "3.8.13"
        },
        "sources": [
            {
                "name": "pypi",
                "url": "https://pypi.org/simple",
                "verify_ssl": true
            }
        ]
    },
    "default": {
        "alembic": {
            "hashes": [
                "sha256:6af6792fe699730b27480382701b16028ebbaac6bc5cd4f06daf5fa3e4690364",
                "sha256:e8ce855f731d92cfdbf9a71d148401fcc420399927817c6e2c0b6a5f31db745d"
            ],
            "index": "pypi",
            "version": "==1.9.0"
        },
        "appnope": {
            "hashes": [
                "sha256:02bd91c4de869fbb1e1c50aafc4098827a7a54ab2f39d9dcba6c9547ed920e24",
                "sha256:265a455292d0bd8a72453494fa24df5a11eb18373a60c7c0430889f22548605e"
            ],
            "markers": "sys_platform == 'darwin'",
            "version": "==0.1.3"
        },
        "asttokens": {
            "hashes": [
                "sha256:4622110b2a6f30b77e1473affaa97e711bc2f07d3f10848420ff1898edbe94f3",
                "sha256:6b0ac9e93fb0335014d382b8fa9b3afa7df546984258005da0b9e7095b3deb1c"
            ],
            "version": "==2.2.1"
        },
        "backcall": {
            "hashes": [
                "sha256:5cbdbf27be5e7cfadb448baf0aa95508f91f2bbc6c6437cd9cd06e2a4c215e1e",
                "sha256:fbbce6a29f263178a1f7915c1940bde0ec2b2a967566fe1c65c1dfb7422bd255"
            ],
            "version": "==0.2.0"
        },
        "decorator": {
            "hashes": [
                "sha256:637996211036b6385ef91435e4fae22989472f9d571faba8927ba8253acbc330",
                "sha256:b8c3f85900b9dc423225913c5aace94729fe1fa9763b38939a95226f02d37186"
            ],
            "markers": "python_version < '3.11' and python_version >= '3.7'",
            "version": "==5.1.1"
        },
        "executing": {
            "hashes": [
                "sha256:0314a69e37426e3608aada02473b4161d4caf5a4b244d1d0c48072b8fee7bacc",
                "sha256:19da64c18d2d851112f09c287f8d3dbbdf725ab0e569077efb6cdcbd3497c107"
            ],
            "version": "==1.2.0"
        },
        "importlib-metadata": {
            "hashes": [
                "sha256:0eafa39ba42bf225fc00e67f701d71f85aead9f878569caf13c3724f704b970f",
                "sha256:404d48d62bba0b7a77ff9d405efd91501bef2e67ff4ace0bed40a0cf28c3c7cd"
            ],
            "markers": "python_version < '3.9'",
            "version": "==5.2.0"
        },
        "importlib-resources": {
            "hashes": [
                "sha256:32bb095bda29741f6ef0e5278c42df98d135391bee5f932841efc0041f748dc3",
                "sha256:c09b067d82e72c66f4f8eb12332f5efbebc9b007c0b6c40818108c9870adc363"
            ],
            "index": "pypi",
            "version": "==5.10.1"
        },
        "ipdb": {
            "hashes": [
                "sha256:c23b6736f01fd4586cc2ecbebdf79a5eb454796853e1cd8f2ed3b7b91d4a3e93",
                "sha256:f74c2f741c18b909eaf89f19fde973f745ac721744aa1465888ce45813b63a9c"
            ],
            "index": "pypi",
            "version": "==0.13.11"
        },
        "ipython": {
            "hashes": [
                "sha256:352042ddcb019f7c04e48171b4dd78e4c4bb67bf97030d170e154aac42b656d9",
                "sha256:882899fe78d5417a0aa07f995db298fa28b58faeba2112d2e3a4c95fe14bb738"
            ],
            "markers": "python_version < '3.11' and python_version >= '3.7'",
            "version": "==8.7.0"
        },
        "jedi": {
            "hashes": [
                "sha256:203c1fd9d969ab8f2119ec0a3342e0b49910045abe6af0a3ae83a5764d54639e",
                "sha256:bae794c30d07f6d910d32a7048af09b5a39ed740918da923c6b780790ebac612"
            ],
            "markers": "python_version >= '3.6'",
            "version": "==0.18.2"
        },
        "mako": {
            "hashes": [
                "sha256:c97c79c018b9165ac9922ae4f32da095ffd3c4e6872b45eded42926deea46818",
                "sha256:d60a3903dc3bb01a18ad6a89cdbe2e4eadc69c0bc8ef1e3773ba53d44c3f7a34"
            ],
            "markers": "python_version >= '3.7'",
            "version": "==1.2.4"
        },
        "markupsafe": {
            "hashes": [
                "sha256:0212a68688482dc52b2d45013df70d169f542b7394fc744c02a57374a4207003",
                "sha256:089cf3dbf0cd6c100f02945abeb18484bd1ee57a079aefd52cffd17fba910b88",
                "sha256:10c1bfff05d95783da83491be968e8fe789263689c02724e0c691933c52994f5",
                "sha256:33b74d289bd2f5e527beadcaa3f401e0df0a89927c1559c8566c066fa4248ab7",
                "sha256:3799351e2336dc91ea70b034983ee71cf2f9533cdff7c14c90ea126bfd95d65a",
                "sha256:3ce11ee3f23f79dbd06fb3d63e2f6af7b12db1d46932fe7bd8afa259a5996603",
                "sha256:421be9fbf0ffe9ffd7a378aafebbf6f4602d564d34be190fc19a193232fd12b1",
                "sha256:43093fb83d8343aac0b1baa75516da6092f58f41200907ef92448ecab8825135",
                "sha256:46d00d6cfecdde84d40e572d63735ef81423ad31184100411e6e3388d405e247",
                "sha256:4a33dea2b688b3190ee12bd7cfa29d39c9ed176bda40bfa11099a3ce5d3a7ac6",
                "sha256:4b9fe39a2ccc108a4accc2676e77da025ce383c108593d65cc909add5c3bd601",
                "sha256:56442863ed2b06d19c37f94d999035e15ee982988920e12a5b4ba29b62ad1f77",
                "sha256:671cd1187ed5e62818414afe79ed29da836dde67166a9fac6d435873c44fdd02",
                "sha256:694deca8d702d5db21ec83983ce0bb4b26a578e71fbdbd4fdcd387daa90e4d5e",
                "sha256:6a074d34ee7a5ce3effbc526b7083ec9731bb3cbf921bbe1d3005d4d2bdb3a63",
                "sha256:6d0072fea50feec76a4c418096652f2c3238eaa014b2f94aeb1d56a66b41403f",
                "sha256:6fbf47b5d3728c6aea2abb0589b5d30459e369baa772e0f37a0320185e87c980",
                "sha256:7f91197cc9e48f989d12e4e6fbc46495c446636dfc81b9ccf50bb0ec74b91d4b",
                "sha256:86b1f75c4e7c2ac2ccdaec2b9022845dbb81880ca318bb7a0a01fbf7813e3812",
                "sha256:8dc1c72a69aa7e082593c4a203dcf94ddb74bb5c8a731e4e1eb68d031e8498ff",
                "sha256:8e3dcf21f367459434c18e71b2a9532d96547aef8a871872a5bd69a715c15f96",
                "sha256:8e576a51ad59e4bfaac456023a78f6b5e6e7651dcd383bcc3e18d06f9b55d6d1",
                "sha256:96e37a3dc86e80bf81758c152fe66dbf60ed5eca3d26305edf01892257049925",
                "sha256:97a68e6ada378df82bc9f16b800ab77cbf4b2fada0081794318520138c088e4a",
                "sha256:99a2a507ed3ac881b975a2976d59f38c19386d128e7a9a18b7df6fff1fd4c1d6",
                "sha256:a49907dd8420c5685cfa064a1335b6754b74541bbb3706c259c02ed65b644b3e",
                "sha256:b09bf97215625a311f669476f44b8b318b075847b49316d3e28c08e41a7a573f",
                "sha256:b7bd98b796e2b6553da7225aeb61f447f80a1ca64f41d83612e6139ca5213aa4",
                "sha256:b87db4360013327109564f0e591bd2a3b318547bcef31b468a92ee504d07ae4f",
                "sha256:bcb3ed405ed3222f9904899563d6fc492ff75cce56cba05e32eff40e6acbeaa3",
                "sha256:d4306c36ca495956b6d568d276ac11fdd9c30a36f1b6eb928070dc5360b22e1c",
                "sha256:d5ee4f386140395a2c818d149221149c54849dfcfcb9f1debfe07a8b8bd63f9a",
                "sha256:dda30ba7e87fbbb7eab1ec9f58678558fd9a6b8b853530e176eabd064da81417",
                "sha256:e04e26803c9c3851c931eac40c695602c6295b8d432cbe78609649ad9bd2da8a",
                "sha256:e1c0b87e09fa55a220f058d1d49d3fb8df88fbfab58558f1198e08c1e1de842a",
                "sha256:e72591e9ecd94d7feb70c1cbd7be7b3ebea3f548870aa91e2732960fa4d57a37",
                "sha256:e8c843bbcda3a2f1e3c2ab25913c80a3c5376cd00c6e8c4a86a89a28c8dc5452",
                "sha256:efc1913fd2ca4f334418481c7e595c00aad186563bbc1ec76067848c7ca0a933",
                "sha256:f121a1420d4e173a5d96e47e9a0c0dcff965afdf1626d28de1460815f7c4ee7a",
                "sha256:fc7b548b17d238737688817ab67deebb30e8073c95749d55538ed473130ec0c7"
            ],
            "markers": "python_version >= '3.7'",
            "version": "==2.1.1"
        },
        "matplotlib-inline": {
            "hashes": [
                "sha256:f1f41aab5328aa5aaea9b16d083b128102f8712542f819fe7e6a420ff581b311",
                "sha256:f887e5f10ba98e8d2b150ddcf4702c1e5f8b3a20005eb0f74bfdbd360ee6f304"
            ],
            "markers": "python_version >= '3.5'",
            "version": "==0.1.6"
        },
        "parso": {
            "hashes": [
                "sha256:8c07be290bb59f03588915921e29e8a50002acaf2cdc5fa0e0114f91709fafa0",
                "sha256:c001d4636cd3aecdaf33cbb40aebb59b094be2a74c556778ef5576c175e19e75"
            ],
            "markers": "python_version >= '3.6'",
            "version": "==0.8.3"
        },
        "pexpect": {
            "hashes": [
                "sha256:0b48a55dcb3c05f3329815901ea4fc1537514d6ba867a152b581d69ae3710937",
                "sha256:fc65a43959d153d0114afe13997d439c22823a27cefceb5ff35c2178c6784c0c"
            ],
            "markers": "sys_platform != 'win32'",
            "version": "==4.8.0"
        },
        "pickleshare": {
            "hashes": [
                "sha256:87683d47965c1da65cdacaf31c8441d12b8044cdec9aca500cd78fc2c683afca",
                "sha256:9649af414d74d4df115d5d718f82acb59c9d418196b7b4290ed47a12ce62df56"
            ],
            "version": "==0.7.5"
        },
        "prompt-toolkit": {
            "hashes": [
                "sha256:3e163f254bef5a03b146397d7c1963bd3e2812f0964bb9a24e6ec761fd28db63",
                "sha256:aa64ad242a462c5ff0363a7b9cfe696c20d55d9fc60c11fd8e632d064804d305"
            ],
            "markers": "python_full_version >= '3.6.2'",
            "version": "==3.0.36"
        },
        "ptyprocess": {
            "hashes": [
                "sha256:4b41f3967fce3af57cc7e94b888626c18bf37a083e3651ca8feeb66d492fef35",
                "sha256:5c5d0a3b48ceee0b48485e0c26037c0acd7d29765ca3fbb5cb3831d347423220"
            ],
            "version": "==0.7.0"
        },
        "pure-eval": {
            "hashes": [
                "sha256:01eaab343580944bc56080ebe0a674b39ec44a945e6d09ba7db3cb8cec289350",
                "sha256:2b45320af6dfaa1750f543d714b6d1c520a1688dec6fd24d339063ce0aaa9ac3"
            ],
            "version": "==0.2.2"
        },
        "pygments": {
            "hashes": [
                "sha256:56a8508ae95f98e2b9bdf93a6be5ae3f7d8af858b43e02c5a2ff083726be40c1",
                "sha256:f643f331ab57ba3c9d89212ee4a2dabc6e94f117cf4eefde99a0574720d14c42"
            ],
            "markers": "python_version >= '3.6'",
            "version": "==2.13.0"
        },
        "six": {
            "hashes": [
                "sha256:1e61c37477a1626458e36f7b1d82aa5c9b094fa4802892072e49de9c60c4c926",
                "sha256:8abb2f1d86890a2dfb989f9a77cfcfd3e47c2a354b01111771326f8aa26e0254"
            ],
            "markers": "python_version >= '2.7' and python_version not in '3.0, 3.1, 3.2, 3.3'",
            "version": "==1.16.0"
        },
        "sqlalchemy": {
            "hashes": [
                "sha256:01aa76f324c9bbc0dcb2bc3d9e2a9d7ede4808afa1c38d40d5e2007e3163b206",
                "sha256:06055476d38ed7915eeed22b78580556d446d175c3574a01b9eb04d91f3a8b2e",
                "sha256:081e2a2d75466353c738ca2ee71c0cfb08229b4f9909b5fa085f75c48d021471",
                "sha256:099efef0de9fbda4c2d7cb129e4e7f812007901942259d4e6c6e19bd69de1088",
                "sha256:0e068b8414d60dd35d43c693555fc3d2e1d822cef07960bb8ca3f1ee6c4ff762",
                "sha256:13578d1cda69bc5e76c59fec9180d6db7ceb71c1360a4d7861c37d87ea6ca0b1",
                "sha256:16ad798fc121cad5ea019eb2297127b08c54e1aa95fe17b3fea9fdbc5c34fe62",
                "sha256:1a92685db3b0682776a5abcb5f9e9addb3d7d9a6d841a452a17ec2d8d457bea7",
                "sha256:26b8424b32eeefa4faad21decd7bdd4aade58640b39407bf43e7d0a7c1bc0453",
                "sha256:29a29d02c9e6f6b105580c5ed7afb722b97bc2e2fdb85e1d45d7ddd8440cfbca",
                "sha256:2d1539fbc82d2206380a86d6d7d0453764fdca5d042d78161bbfb8dd047c80ec",
                "sha256:2d6f178ff2923730da271c8aa317f70cf0df11a4d1812f1d7a704b1cf29c5fe3",
                "sha256:2db887dbf05bcc3151de1c4b506b14764c6240a42e844b4269132a7584de1e5f",
                "sha256:416fe7d228937bd37990b5a429fd00ad0e49eabcea3455af7beed7955f192edd",
                "sha256:445914dcadc0b623bd9851260ee54915ecf4e3041a62d57709b18a0eed19f33b",
                "sha256:52b90c9487e4449ad954624d01dea34c90cd8c104bce46b322c83654f37a23c5",
                "sha256:55ddb5585129c5d964a537c9e32a8a68a8c6293b747f3fa164e1c034e1657a98",
                "sha256:561605cfc26273825ed2fb8484428faf36e853c13e4c90c61c58988aeccb34ed",
                "sha256:5953e225be47d80410ae519f865b5c341f541d8e383fb6d11f67fb71a45bf890",
                "sha256:6a91b7883cb7855a27bc0637166eed622fdf1bb94a4d1630165e5dd88c7e64d3",
                "sha256:6cd53b4c756a6f9c6518a3dc9c05a38840f9ae442c91fe1abde50d73651b6922",
                "sha256:715f5859daa3bee6ecbad64501637fa4640ca6734e8cda6135e3898d5f8ccadd",
                "sha256:7e32ce2584564d9e068bb7e0ccd1810cbb0a824c0687f8016fe67e97c345a637",
                "sha256:88f4ad3b081c0dbb738886f8d425a5d983328670ee83b38192687d78fc82bd1e",
                "sha256:96821d806c0c90c68ce3f2ce6dd529c10e5d7587961f31dd5c30e3bfddc4545d",
                "sha256:9a21c1fb71c69c8ec65430160cd3eee44bbcea15b5a4e556f29d03f246f425ec",
                "sha256:9b7025d46aba946272f6b6b357a22f3787473ef27451f342df1a2a6de23743e3",
                "sha256:a3bcd5e2049ceb97e8c273e6a84ff4abcfa1dc47b6d8bbd36e07cce7176610d3",
                "sha256:a62ae2ea3b940ce9c9cbd675489c2047921ce0a79f971d3082978be91bd58117",
                "sha256:a87f8595390764db333a1705591d0934973d132af607f4fa8b792b366eacbb3c",
                "sha256:c8051bff4ce48cbc98f11e95ac46bfd1e36272401070c010248a3230d099663f",
                "sha256:ca152ffc7f0aa069c95fba46165030267ec5e4bb0107aba45e5e9e86fe4d9363",
                "sha256:cd95a3e6ab46da2c5b0703e797a772f3fab44d085b3919a4f27339aa3b1f51d3",
                "sha256:d458fd0566bc9e10b8be857f089e96b5ca1b1ef033226f24512f9ffdf485a8c0",
                "sha256:db3ccbce4a861bf4338b254f95916fc68dd8b7aa50eea838ecdaf3a52810e9c0",
                "sha256:dc10423b59d6d032d6dff0bb42aa06dc6a8824eb6029d70c7d1b6981a2e7f4d8",
                "sha256:e91a5e45a2ea083fe344b3503405978dff14d60ef3aa836432c9ca8cd47806b6",
                "sha256:f1d3fb02a4d0b07d1351a4a52f159e5e7b3045c903468b7e9349ebf0020ffdb9",
                "sha256:f61e54b8c2b389de1a8ad52394729c478c67712dbdcdadb52c2575e41dae94a5",
                "sha256:f7944b04e6fcf8d733964dd9ee36b6a587251a1a4049af3a9b846f6e64eb349a",
                "sha256:fd69850860093a3f69fefe0ab56d041edfdfe18510b53d9a2eaecba2f15fa795"
            ],
            "index": "pypi",
            "version": "==1.4.45"
        },
        "stack-data": {
            "hashes": [
                "sha256:32d2dd0376772d01b6cb9fc996f3c8b57a357089dec328ed4b6553d037eaf815",
                "sha256:cbb2a53eb64e5785878201a97ed7c7b94883f48b87bfb0bbe8b623c74679e4a8"
            ],
            "version": "==0.6.2"
        },
        "tomli": {
            "hashes": [
                "sha256:939de3e7a6161af0c887ef91b7d41a53e7c5a1ca976325f429cb46ea9bc30ecc",
                "sha256:de526c12914f0c550d15924c62d72abc48d6fe7364aa87328337a31007fe8a4f"
            ],
            "markers": "python_version < '3.11' and python_version >= '3.7'",
            "version": "==2.0.1"
        },
        "traitlets": {
            "hashes": [
                "sha256:6cc57d6dc28c85d5365961726ffd19b538739347749e13ebe34e03323a0e8f84",
                "sha256:c864831efa0ba6576d09b44884b34e41defc18c0d7e720b4a2d6698c842cab3e"
            ],
            "markers": "python_version >= '3.7'",
            "version": "==5.8.0"
        },
        "wcwidth": {
            "hashes": [
                "sha256:beb4802a9cebb9144e99086eff703a642a13d6a0052920003a230f3294bbe784",
                "sha256:c4d647b99872929fdb7bdcaa4fbe7f01413ed3d98077df798530e5b04f116c83"
            ],
            "version": "==0.2.5"
        },
        "zipp": {
            "hashes": [
                "sha256:83a28fcb75844b5c0cdaf5aa4003c2d728c77e05f5aeabe8e95e56727005fbaa",
                "sha256:a7a22e05929290a67401440b39690ae6563279bced5f314609d9d03798f56766"
            ],
            "markers": "python_version < '3.10'",
            "version": "==3.11.0"
        }
    },
    "develop": {}
}
